
Microsoft Visual Studio Solution File, Format Version 12.00
# Visual Studio 15
VisualStudioVersion = 15.0.27703.2018
MinimumVisualStudioVersion = 10.0.40219.1
Project("{8BC9CEB8-8B4A-11D0-8D11-00A0C91BC942}") = "Лаба 6. Рацеев", "Лаба 6. Рацеев\Лаба 6. Рацеев.vcxproj", "{97AFD791-6B5C-426C-8023-EE052064C08A}"
EndProject
Global
	GlobalSection(SolutionConfigurationPlatforms) = preSolution
		Debug|x64 = Debug|x64
		Debug|x86 = Debug|x86
		Release|x64 = Release|x64
		Release|x86 = Release|x86
	EndGlobalSection
	GlobalSection(ProjectConfigurationPlatforms) = postSolution
		{97AFD791-6B5C-426C-8023-EE052064C08A}.Debug|x64.ActiveCfg = Debug|x64
		{97AFD791-6B5C-426C-8023-EE052064C08A}.Debug|x64.Build.0 = Debug|x64
		{97AFD791-6B5C-426C-8023-EE052064C08A}.Debug|x86.ActiveCfg = Debug|Win32
		{97AFD791-6B5C-426C-8023-EE052064C08A}.Debug|x86.Build.0 = Debug|Win32
		{97AFD791-6B5C-426C-8023-EE052064C08A}.Release|x64.ActiveCfg = Release|x64
		{97AFD791-6B5C-426C-8023-EE052064C08A}.Release|x64.Build.0 = Release|x64
		{97AFD791-6B5C-426C-8023-EE052064C08A}.Release|x86.ActiveCfg = Release|Win32
		{97AFD791-6B5C-426C-8023-EE052064C08A}.Release|x86.Build.0 = Release|Win32
	EndGlobalSection
	GlobalSection(SolutionProperties) = preSolution
		HideSolutionNode = FALSE
	EndGlobalSection
	GlobalSection(ExtensibilityGlobals) = postSolution
		SolutionGuid = {55CDEB18-A366-4D83-9D5C-5D26DE4CA53E}
	EndGlobalSection
EndGlobal
